
Microsoft Visual Studio Solution File, Format Version 12.00
Project("{FAE04EC0-301F-11D3-BF4B-00C04F79EFBC}") = "Geekbrains. Основы ООП", "Geekbrains. Основы ООП.csproj", "{FBCCCA53-913E-4FBC-A493-C49E62E62FBF}"
EndProject
Global
	GlobalSection(SolutionConfigurationPlatforms) = preSolution
		Debug|Any CPU = Debug|Any CPU
		Release|Any CPU = Release|Any CPU
	EndGlobalSection
	GlobalSection(ProjectConfigurationPlatforms) = postSolution
		{FBCCCA53-913E-4FBC-A493-C49E62E62FBF}.Debug|Any CPU.ActiveCfg = Debug|Any CPU
		{FBCCCA53-913E-4FBC-A493-C49E62E62FBF}.Debug|Any CPU.Build.0 = Debug|Any CPU
		{FBCCCA53-913E-4FBC-A493-C49E62E62FBF}.Release|Any CPU.ActiveCfg = Release|Any CPU
		{FBCCCA53-913E-4FBC-A493-C49E62E62FBF}.Release|Any CPU.Build.0 = Release|Any CPU
	EndGlobalSection
EndGlobal
